
Microsoft Visual Studio Solution File, Format Version 12.00
# Visual Studio 15
Project("{FAE04EC0-301F-11D3-BF4B-00C04F79EFBC}") = "Ert.Core", "Ert\Ert.Core.csproj", "{DB6DFF07-E018-40F4-B672-9803DC5BF79A}"
EndProject
Global
	GlobalSection(SolutionConfigurationPlatforms) = preSolution
		Debug|Any CPU = Debug|Any CPU
		Release|Any CPU = Release|Any CPU
	EndGlobalSection
	GlobalSection(ProjectConfigurationPlatforms) = postSolution
		{DB6DFF07-E018-40F4-B672-9803DC5BF79A}.Debug|Any CPU.ActiveCfg = Debug|Any CPU
		{DB6DFF07-E018-40F4-B672-9803DC5BF79A}.Debug|Any CPU.Build.0 = Debug|Any CPU
		{DB6DFF07-E018-40F4-B672-9803DC5BF79A}.Release|Any CPU.ActiveCfg = Release|Any CPU
		{DB6DFF07-E018-40F4-B672-9803DC5BF79A}.Release|Any CPU.Build.0 = Release|Any CPU
	EndGlobalSection
EndGlobal
